
Microsoft Visual Studio Solution File, Format Version 12.00
# Visual Studio Version 17
VisualStudioVersion = 17.1.32210.238
MinimumVisualStudioVersion = 10.0.40219.1
Project("{FAE04EC0-301F-11D3-BF4B-00C04F79EFBC}") = "ExerciseRecord", "ExerciseRecord\ExerciseRecord.csproj", "{5DE74E8C-7DF1-43A0-AF9A-50A1DDE6FAC4}"
EndProject
Global
	GlobalSection(SolutionConfigurationPlatforms) = preSolution
		Debug|Any CPU = Debug|Any CPU
		Release|Any CPU = Release|Any CPU
	EndGlobalSection
	GlobalSection(ProjectConfigurationPlatforms) = postSolution
		{5DE74E8C-7DF1-43A0-AF9A-50A1DDE6FAC4}.Debug|Any CPU.ActiveCfg = Debug|Any CPU
		{5DE74E8C-7DF1-43A0-AF9A-50A1DDE6FAC4}.Debug|Any CPU.Build.0 = Debug|Any CPU
		{5DE74E8C-7DF1-43A0-AF9A-50A1DDE6FAC4}.Release|Any CPU.ActiveCfg = Release|Any CPU
		{5DE74E8C-7DF1-43A0-AF9A-50A1DDE6FAC4}.Release|Any CPU.Build.0 = Release|Any CPU
	EndGlobalSection
	GlobalSection(SolutionProperties) = preSolution
		HideSolutionNode = FALSE
	EndGlobalSection
	GlobalSection(ExtensibilityGlobals) = postSolution
		SolutionGuid = {9C98C7A8-913A-4E82-8713-CFB4812B4B85}
	EndGlobalSection
EndGlobal
